// !$*UTF8*$!
{
	archiveVersion = 1;
	classes = {
	};
	objectVersion = 46;
	objects = {

/* Begin PBXBuildFile section */
		4F4C5A991C00275600026005 /* AppDelegate.swift in Sources */ = {isa = PBXBuildFile; fileRef = 4F4C5A981C00275600026005 /* AppDelegate.swift */; };
		4F4C5A9B1C00275600026005 /* ViewController.swift in Sources */ = {isa = PBXBuildFile; fileRef = 4F4C5A9A1C00275600026005 /* ViewController.swift */; };
		4F4C5A9E1C00275600026005 /* Main.storyboard in Resources */ = {isa = PBXBuildFile; fileRef = 4F4C5A9C1C00275600026005 /* Main.storyboard */; };
		4F4C5AA01C00275600026005 /* Assets.xcassets in Resources */ = {isa = PBXBuildFile; fileRef = 4F4C5A9F1C00275600026005 /* Assets.xcassets */; };
		4F4C5AA31C00275600026005 /* LaunchScreen.storyboard in Resources */ = {isa = PBXBuildFile; fileRef = 4F4C5AA11C00275600026005 /* LaunchScreen.storyboard */; };
/* End PBXBuildFile section */

/* Begin PBXFileReference section */
		4F4C5A951C00275600026005 /* AccesarServiciosNube1.app */ = {isa = PBXFileReference; explicitFileType = wrapper.application; includeInIndex = 0; path = AccesarServiciosNube1.app; sourceTree = BUILT_PRODUCTS_DIR; };
		4F4C5A981C00275600026005 /* AppDelegate.swift */ = {isa = PBXFileReference; lastKnownFileType = sourcecode.swift; path = AppDelegate.swift; sourceTree = "<group>"; };
		4F4C5A9A1C00275600026005 /* ViewController.swift */ = {isa = PBXFileReference; lastKnownFileType = sourcecode.swift; path = ViewController.swift; sourceTree = "<group>"; };
		4F4C5A9D1C00275600026005 /* Base */ = {isa = PBXFileReference; lastKnownFileType = file.storyboard; name = Base; path = Base.lproj/Main.storyboard; sourceTree = "<group>"; };
		4F4C5A9F1C00275600026005 /* Assets.xcassets */ = {isa = PBXFileReference; lastKnownFileType = folder.assetcatalog; path = Assets.xcassets; sourceTree = "<group>"; };
		4F4C5AA21C00275600026005 /* Base */ = {isa = PBXFileReference; lastKnownFileType = file.storyboard; name = Base; path = Base.lproj/LaunchScreen.storyboard; sourceTree = "<group>"; };
		4F4C5AA41C00275600026005 /* Info.plist */ = {isa = PBXFileReference; lastKnownFileType = text.plist.xml; path = Info.plist; sourceTree = "<group>"; };
/* End PBXFileReference section */

/* Begin PBXFrameworksBuildPhase section */
		4F4C5A921C00275600026005 /* Frameworks */ = {
			isa = PBXFrameworksBuildPhase;
			buildActionMask = 2147483647;
			files = (
			);
			runOnlyForDeploymentPostprocessing = 0;
		};
/* End PBXFrameworksBuildPhase section */

/* Begin PBXGroup section */
		4F4C5A8C1C00275600026005 = {
			isa = PBXGroup;
			children = (
				4F4C5A971C00275600026005 /* AccesarServiciosNube1 */,
				4F4C5A961C00275600026005 /* Products */,
			);
			sourceTree = "<group>";
		};
		4F4C5A961C00275600026005 /* Products */ = {
			isa = PBXGroup;
			children = (
				4F4C5A951C00275600026005 /* AccesarServiciosNube1.app */,
			);
			name = Products;
			sourceTree = "<group>";
		};
		4F4C5A971C00275600026005 /* AccesarServiciosNube1 */ = {
			isa = PBXGroup;
			children = (
				4F4C5A981C00275600026005 /* AppDelegate.swift */,
				4F4C5A9A1C00275600026005 /* ViewController.swift */,
				4F4C5A9C1C00275600026005 /* Main.storyboard */,
				4F4C5A9F1C00275600026005 /* Assets.xcassets */,
				4F4C5AA11C00275600026005 /* LaunchScreen.storyboard */,
				4F4C5AA41C00275600026005 /* Info.plist */,
			);
			path = AccesarServiciosNube1;
			sourceTree = "<group>";
		};
/* End PBXGroup section */

/* Begin PBXNativeTarget section */
		4F4C5A941C00275600026005 /* AccesarServiciosNube1 */ = {
			isa = PBXNativeTarget;
			buildConfigurationList = 4F4C5AA71C00275600026005 /* Build configuration list for PBXNativeTarget "AccesarServiciosNube1" */;
			buildPhases = (
				4F4C5A911C00275600026005 /* Sources */,
				4F4C5A921C00275600026005 /* Frameworks */,
				4F4C5A931C00275600026005 /* Resources */,
			);
			buildRules = (
			);
			dependencies = (
			);
			name = AccesarServiciosNube1;
			productName = AccesarServiciosNube1;
			productReference = 4F4C5A951C00275600026005 /* AccesarServiciosNube1.app */;
			productType = "com.apple.product-type.application";
		};
/* End PBXNativeTarget section */

/* Begin PBXProject section */
		4F4C5A8D1C00275600026005 /* Project object */ = {
			isa = PBXProject;
			attributes = {
				LastUpgradeCheck = 0700;
				ORGANIZATIONNAME = "Carlos Brito";
				TargetAttributes = {
					4F4C5A941C00275600026005 = {
						CreatedOnToolsVersion = 7.0.1;
					};
				};
			};
			buildConfigurationList = 4F4C5A901C00275600026005 /* Build configuration list for PBXProject "AccesarServiciosNube1" */;
			compatibilityVersion = "Xcode 3.2";
			developmentRegion = English;
			hasScannedForEncodings = 0;
			knownRegions = (
				en,
				Base,
			);
			mainGroup = 4F4C5A8C1C00275600026005;
			productRefGroup = 4F4C5A961C00275600026005 /* Products */;
			projectDirPath = "";
			projectRoot = "";
			targets = (
				4F4C5A941C00275600026005 /* AccesarServiciosNube1 */,
			);
		};
/* End PBXProject section */

/* Begin PBXResourcesBuildPhase section */
		4F4C5A931C00275600026005 /* Resources */ = {
			isa = PBXResourcesBuildPhase;
			buildActionMask = 2147483647;
			files = (
				4F4C5AA31C00275600026005 /* LaunchScreen.storyboard in Resources */,
				4F4C5AA01C00275600026005 /* Assets.xcassets in Resources */,
				4F4C5A9E1C00275600026005 /* Main.storyboard in Resources */,
			);
			runOnlyForDeploymentPostprocessing = 0;
		};
/* End PBXResourcesBuildPhase section */

/* Begin PBXSourcesBuildPhase section */
		4F4C5A911C00275600026005 /* Sources */ = {
			isa = PBXSourcesBuildPhase;
			buildActionMask = 2147483647;
			files = (
				4F4C5A9B1C00275600026005 /* ViewController.swift in Sources */,
				4F4C5A991C00275600026005 /* AppDelegate.swift in Sources */,
			);
			runOnlyForDeploymentPostprocessing = 0;
		};
/* End PBXSourcesBuildPhase section */

/* Begin PBXVariantGroup section */
		4F4C5A9C1C00275600026005 /* Main.storyboard */ = {
			isa = PBXVariantGroup;
			children = (
				4F4C5A9D1C00275600026005 /* Base */,
			);
			name = Main.storyboard;
			sourceTree = "<group>";
		};
		4F4C5AA11C00275600026005 /* LaunchScreen.storyboard */ = {
			isa = PBXVariantGroup;
			children = (
				4F4C5AA21C00275600026005 /* Base */,
			);
			name = LaunchScreen.storyboard;
			sourceTree = "<group>";
		};
/* End PBXVariantGroup section */

/* Begin XCBuildConfiguration section */
		4F4C5AA51C00275600026005 /* Debug */ = {
			isa = XCBuildConfiguration;
			buildSettings = {
				ALWAYS_SEARCH_USER_PATHS = NO;
				CLANG_CXX_LANGUAGE_STANDARD = "gnu++0x";
				CLANG_CXX_LIBRARY = "libc++";
				CLANG_ENABLE_MODULES = YES;
				CLANG_ENABLE_OBJC_ARC = YES;
				CLANG_WARN_BOOL_CONVERSION = YES;
				CLANG_WARN_CONSTANT_CONVERSION = YES;
				CLANG_WARN_DIRECT_OBJC_ISA_USAGE = YES_ERROR;
				CLANG_WARN_EMPTY_BODY = YES;
				CLANG_WARN_ENUM_CONVERSION = YES;
				CLANG_WARN_INT_CONVERSION = YES;
				CLANG_WARN_OBJC_ROOT_CLASS = YES_ERROR;
				CLANG_WARN_UNREACHABLE_CODE = YES;
				CLANG_WARN__DUPLICATE_METHOD_MATCH = YES;
				"CODE_SIGN_IDENTITY[sdk=iphoneos*]" = "iPhone Developer";
				COPY_PHASE_STRIP = NO;
				DEBUG_INFORMATION_FORMAT = dwarf;
				ENABLE_STRICT_OBJC_MSGSEND = YES;
				ENABLE_TESTABILITY = YES;
				GCC_C_LANGUAGE_STANDARD = gnu99;
				GCC_DYNAMIC_NO_PIC = NO;
				GCC_NO_COMMON_BLOCKS = YES;
				GCC_OPTIMIZATION_LEVEL = 0;
				GCC_PREPROCESSOR_DEFINITIONS = (
					"DEBUG=1",
					"$(inherited)",
				);
				GCC_WARN_64_TO_32_BIT_CONVERSION = YES;
				GCC_WARN_ABOUT_RETURN_TYPE = YES_ERROR;
				GCC_WARN_UNDECLARED_SELECTOR = YES;
				GCC_WARN_UNINITIALIZED_AUTOS = YES_AGGRESSIVE;
				GCC_WARN_UNUSED_FUNCTION = YES;
				GCC_WARN_UNUSED_VARIABLE = YES;
				IPHONEOS_DEPLOYMENT_TARGET = 9.0;
				MTL_ENABLE_DEBUG_INFO = YES;
				ONLY_ACTIVE_ARCH = YES;
				SDKROOT = iphoneos;
				SWIFT_OPTIMIZATION_LEVEL = "-Onone";
				TARGETED_DEVICE_FAMILY = "1,2";
			};
			name = Debug;
		};
		4F4C5AA61C00275600026005 /* Release */ = {
			isa = XCBuildConfiguration;
			buildSettings = {
				ALWAYS_SEARCH_USER_PATHS = NO;
				CLANG_CXX_LANGUAGE_STANDARD = "gnu++0x";
				CLANG_CXX_LIBRARY = "libc++";
				CLANG_ENABLE_MODULES = YES;
				CLANG_ENABLE_OBJC_ARC = YES;
				CLANG_WARN_BOOL_CONVERSION = YES;
				CLANG_WARN_CONSTANT_CONVERSION = YES;
				CLANG_WARN_DIRECT_OBJC_ISA_USAGE = YES_ERROR;
				CLANG_WARN_EMPTY_BODY = YES;
				CLANG_WARN_ENUM_CONVERSION = YES;
				CLANG_WARN_INT_CONVERSION = YES;
				CLANG_WARN_OBJC_ROOT_CLASS = YES_ERROR;
				CLANG_WARN_UNREACHABLE_CODE = YES;
				CLANG_WARN__DUPLICATE_METHOD_MATCH = YES;
				"CODE_SIGN_IDENTITY[sdk=iphoneos*]" = "iPhone Developer";
				COPY_PHASE_STRIP = NO;
				DEBUG_INFORMATION_FORMAT = "dwarf-with-dsym";
				ENABLE_NS_ASSERTIONS = NO;
				ENABLE_STRICT_OBJC_MSGSEND = YES;
				GCC_C_LANGUAGE_STANDARD = gnu99;
				GCC_NO_COMMON_BLOCKS = YES;
				GCC_WARN_64_TO_32_BIT_CONVERSION = YES;
				GCC_WARN_ABOUT_RETURN_TYPE = YES_ERROR;
				GCC_WARN_UNDECLARED_SELECTOR = YES;
				GCC_WARN_UNINITIALIZED_AUTOS = YES_AGGRESSIVE;
				GCC_WARN_UNUSED_FUNCTION = YES;
				GCC_WARN_UNUSED_VARIABLE = YES;
				IPHONEOS_DEPLOYMENT_TARGET = 9.0;
				MTL_ENABLE_DEBUG_INFO = NO;
				SDKROOT = iphoneos;
				TARGETED_DEVICE_FAMILY = "1,2";
				VALIDATE_PRODUCT = YES;
			};
			name = Release;
		};
		4F4C5AA81C00275600026005 /* Debug */ = {
			isa = XCBuildConfiguration;
			buildSettings = {
				ASSETCATALOG_COMPILER_APPICON_NAME = AppIcon;
				INFOPLIST_FILE = AccesarServiciosNube1/Info.plist;
				LD_RUNPATH_SEARCH_PATHS = "$(inherited) @executable_path/Frameworks";
				PRODUCT_BUNDLE_IDENTIFIER = com.cbreeto.AccesarServiciosNube1;
				PRODUCT_NAME = "$(TARGET_NAME)";
			};
			name = Debug;
		};
		4F4C5AA91C00275600026005 /* Release */ = {
			isa = XCBuildConfiguration;
			buildSettings = {
				ASSETCATALOG_COMPILER_APPICON_NAME = AppIcon;
				INFOPLIST_FILE = AccesarServiciosNube1/Info.plist;
				LD_RUNPATH_SEARCH_PATHS = "$(inherited) @executable_path/Frameworks";
				PRODUCT_BUNDLE_IDENTIFIER = com.cbreeto.AccesarServiciosNube1;
				PRODUCT_NAME = "$(TARGET_NAME)";
			};
			name = Release;
		};
/* End XCBuildConfiguration section */

/* Begin XCConfigurationList section */
		4F4C5A901C00275600026005 /* Build configuration list for PBXProject "AccesarServiciosNube1" */ = {
			isa = XCConfigurationList;
			buildConfigurations = (
				4F4C5AA51C00275600026005 /* Debug */,
				4F4C5AA61C00275600026005 /* Release */,
			);
			defaultConfigurationIsVisible = 0;
			defaultConfigurationName = Release;
		};
		4F4C5AA71C00275600026005 /* Build configuration list for PBXNativeTarget "AccesarServiciosNube1" */ = {
			isa = XCConfigurationList;
			buildConfigurations = (
				4F4C5AA81C00275600026005 /* Debug */,
				4F4C5AA91C00275600026005 /* Release */,
			);
			defaultConfigurationIsVisible = 0;
		};
/* End XCConfigurationList section */
	};
	rootObject = 4F4C5A8D1C00275600026005 /* Project object */;
}
